
Microsoft Visual Studio Solution File, Format Version 12.00
# Visual Studio Version 17
VisualStudioVersion = 17.4.33122.133
MinimumVisualStudioVersion = 10.0.40219.1
Project("{9A19103F-16F7-4668-BE54-9A1E7A4F7556}") = "DAL", "DAL\DAL.csproj", "{CD3AE246-A6B0-44EC-96C1-B6F5CF4F3F19}"
EndProject
Project("{9A19103F-16F7-4668-BE54-9A1E7A4F7556}") = "BUS", "BUS\BUS.csproj", "{E510E578-D0B4-4A2B-BC70-80304E68B48A}"
EndProject
Project("{9A19103F-16F7-4668-BE54-9A1E7A4F7556}") = "Data_Model", "Data_Model\Data_Model.csproj", "{1267E6BF-C76F-4F18-B8CE-10A2B8BDBC39}"
EndProject
Project("{9A19103F-16F7-4668-BE54-9A1E7A4F7556}") = "API_Admin", "API_Admin\API_Admin.csproj", "{AB6F73C7-0001-4211-A123-4F810F2CD705}"
EndProject
Project("{9A19103F-16F7-4668-BE54-9A1E7A4F7556}") = "API_User", "API_User\API_User.csproj", "{1626A262-CBB5-4CDA-BE8D-B399BA5C5F9E}"
EndProject
Project("{9A19103F-16F7-4668-BE54-9A1E7A4F7556}") = "GATE_WAY", "GATE_WAY\GATE_WAY.csproj", "{D07618A9-45F1-4FAE-B38E-2196A066BE55}"
EndProject
Global
	GlobalSection(SolutionConfigurationPlatforms) = preSolution
		Debug|Any CPU = Debug|Any CPU
		Release|Any CPU = Release|Any CPU
	EndGlobalSection
	GlobalSection(ProjectConfigurationPlatforms) = postSolution
		{CD3AE246-A6B0-44EC-96C1-B6F5CF4F3F19}.Debug|Any CPU.ActiveCfg = Debug|Any CPU
		{CD3AE246-A6B0-44EC-96C1-B6F5CF4F3F19}.Debug|Any CPU.Build.0 = Debug|Any CPU
		{CD3AE246-A6B0-44EC-96C1-B6F5CF4F3F19}.Release|Any CPU.ActiveCfg = Release|Any CPU
		{CD3AE246-A6B0-44EC-96C1-B6F5CF4F3F19}.Release|Any CPU.Build.0 = Release|Any CPU
		{E510E578-D0B4-4A2B-BC70-80304E68B48A}.Debug|Any CPU.ActiveCfg = Debug|Any CPU
		{E510E578-D0B4-4A2B-BC70-80304E68B48A}.Debug|Any CPU.Build.0 = Debug|Any CPU
		{E510E578-D0B4-4A2B-BC70-80304E68B48A}.Release|Any CPU.ActiveCfg = Release|Any CPU
		{E510E578-D0B4-4A2B-BC70-80304E68B48A}.Release|Any CPU.Build.0 = Release|Any CPU
		{1267E6BF-C76F-4F18-B8CE-10A2B8BDBC39}.Debug|Any CPU.ActiveCfg = Debug|Any CPU
		{1267E6BF-C76F-4F18-B8CE-10A2B8BDBC39}.Debug|Any CPU.Build.0 = Debug|Any CPU
		{1267E6BF-C76F-4F18-B8CE-10A2B8BDBC39}.Release|Any CPU.ActiveCfg = Release|Any CPU
		{1267E6BF-C76F-4F18-B8CE-10A2B8BDBC39}.Release|Any CPU.Build.0 = Release|Any CPU
		{AB6F73C7-0001-4211-A123-4F810F2CD705}.Debug|Any CPU.ActiveCfg = Debug|Any CPU
		{AB6F73C7-0001-4211-A123-4F810F2CD705}.Debug|Any CPU.Build.0 = Debug|Any CPU
		{AB6F73C7-0001-4211-A123-4F810F2CD705}.Release|Any CPU.ActiveCfg = Release|Any CPU
		{AB6F73C7-0001-4211-A123-4F810F2CD705}.Release|Any CPU.Build.0 = Release|Any CPU
		{1626A262-CBB5-4CDA-BE8D-B399BA5C5F9E}.Debug|Any CPU.ActiveCfg = Debug|Any CPU
		{1626A262-CBB5-4CDA-BE8D-B399BA5C5F9E}.Debug|Any CPU.Build.0 = Debug|Any CPU
		{1626A262-CBB5-4CDA-BE8D-B399BA5C5F9E}.Release|Any CPU.ActiveCfg = Release|Any CPU
		{1626A262-CBB5-4CDA-BE8D-B399BA5C5F9E}.Release|Any CPU.Build.0 = Release|Any CPU
		{D07618A9-45F1-4FAE-B38E-2196A066BE55}.Debug|Any CPU.ActiveCfg = Debug|Any CPU
		{D07618A9-45F1-4FAE-B38E-2196A066BE55}.Debug|Any CPU.Build.0 = Debug|Any CPU
		{D07618A9-45F1-4FAE-B38E-2196A066BE55}.Release|Any CPU.ActiveCfg = Release|Any CPU
		{D07618A9-45F1-4FAE-B38E-2196A066BE55}.Release|Any CPU.Build.0 = Release|Any CPU
	EndGlobalSection
	GlobalSection(SolutionProperties) = preSolution
		HideSolutionNode = FALSE
	EndGlobalSection
	GlobalSection(ExtensibilityGlobals) = postSolution
		SolutionGuid = {2076D285-58EB-49B7-9564-0F93893AD796}
	EndGlobalSection
EndGlobal
